
Microsoft Visual Studio Solution File, Format Version 12.00
# Visual Studio Version 16
VisualStudioVersion = 16.0.30621.155
MinimumVisualStudioVersion = 10.0.40219.1
Project("{FAE04EC0-301F-11D3-BF4B-00C04F79EFBC}") = "BirdsFlyingAroundApp", "BirdsFlyingAroundApp\BirdsFlyingAroundApp.csproj", "{6B5D07F3-8F6E-4B99-90D0-B3AC05D38A48}"
EndProject
Global
	GlobalSection(SolutionConfigurationPlatforms) = preSolution
		Debug|Any CPU = Debug|Any CPU
		Release|Any CPU = Release|Any CPU
	EndGlobalSection
	GlobalSection(ProjectConfigurationPlatforms) = postSolution
		{6B5D07F3-8F6E-4B99-90D0-B3AC05D38A48}.Debug|Any CPU.ActiveCfg = Debug|Any CPU
		{6B5D07F3-8F6E-4B99-90D0-B3AC05D38A48}.Debug|Any CPU.Build.0 = Debug|Any CPU
		{6B5D07F3-8F6E-4B99-90D0-B3AC05D38A48}.Release|Any CPU.ActiveCfg = Release|Any CPU
		{6B5D07F3-8F6E-4B99-90D0-B3AC05D38A48}.Release|Any CPU.Build.0 = Release|Any CPU
	EndGlobalSection
	GlobalSection(SolutionProperties) = preSolution
		HideSolutionNode = FALSE
	EndGlobalSection
	GlobalSection(ExtensibilityGlobals) = postSolution
		SolutionGuid = {07D964D6-8E04-4031-921B-B580E499BC58}
	EndGlobalSection
EndGlobal
